
Microsoft Visual Studio Solution File, Format Version 12.00
# Visual Studio Version 16
VisualStudioVersion = 16.0.31105.61
MinimumVisualStudioVersion = 10.0.40219.1
Project("{FAE04EC0-301F-11D3-BF4B-00C04F79EFBC}") = "its-pipeline-demo", "its-pipeline-demo\its-pipeline-demo.csproj", "{AFD4AC65-AEC0-405A-A878-825F316CADAE}"
EndProject
Global
	GlobalSection(SolutionConfigurationPlatforms) = preSolution
		Debug|Any CPU = Debug|Any CPU
		Release|Any CPU = Release|Any CPU
	EndGlobalSection
	GlobalSection(ProjectConfigurationPlatforms) = postSolution
		{AFD4AC65-AEC0-405A-A878-825F316CADAE}.Debug|Any CPU.ActiveCfg = Debug|Any CPU
		{AFD4AC65-AEC0-405A-A878-825F316CADAE}.Debug|Any CPU.Build.0 = Debug|Any CPU
		{AFD4AC65-AEC0-405A-A878-825F316CADAE}.Release|Any CPU.ActiveCfg = Release|Any CPU
		{AFD4AC65-AEC0-405A-A878-825F316CADAE}.Release|Any CPU.Build.0 = Release|Any CPU
	EndGlobalSection
	GlobalSection(SolutionProperties) = preSolution
		HideSolutionNode = FALSE
	EndGlobalSection
	GlobalSection(ExtensibilityGlobals) = postSolution
		SolutionGuid = {5618C702-7453-4679-A887-C8C6CE7588A0}
	EndGlobalSection
EndGlobal
